
Microsoft Visual Studio Solution File, Format Version 12.00
# Visual Studio Version 16
VisualStudioVersion = 16.0.31112.23
MinimumVisualStudioVersion = 10.0.40219.1
Project("{FAE04EC0-301F-11D3-BF4B-00C04F79EFBC}") = "CalculatorApp.UWP", "CalculatorApp.UWP\CalculatorApp.UWP.csproj", "{644E5F72-4C08-44BD-AF2E-6BD8020F9403}"
EndProject
Project("{FAE04EC0-301F-11D3-BF4B-00C04F79EFBC}") = "CalculatorApp.Android", "CalculatorApp.Android\CalculatorApp.Android.csproj", "{59ED5041-9DCE-4D4D-8240-AB14C10127F6}"
EndProject
Project("{FAE04EC0-301F-11D3-BF4B-00C04F79EFBC}") = "CalculatorApp.iOS", "CalculatorApp.iOS\CalculatorApp.iOS.csproj", "{93DDE1B1-9AA3-4208-9186-616BC9FFEDDC}"
EndProject
Project("{FAE04EC0-301F-11D3-BF4B-00C04F79EFBC}") = "CalculatorApp", "CalculatorApp\CalculatorApp.csproj", "{BA342B4E-666F-41B5-B035-CB06ED995075}"
EndProject
Global
	GlobalSection(SolutionConfigurationPlatforms) = preSolution
		Debug|Any CPU = Debug|Any CPU
		Debug|ARM = Debug|ARM
		Debug|iPhone = Debug|iPhone
		Debug|iPhoneSimulator = Debug|iPhoneSimulator
		Debug|x64 = Debug|x64
		Debug|x86 = Debug|x86
		Release|Any CPU = Release|Any CPU
		Release|ARM = Release|ARM
		Release|iPhone = Release|iPhone
		Release|iPhoneSimulator = Release|iPhoneSimulator
		Release|x64 = Release|x64
		Release|x86 = Release|x86
	EndGlobalSection
	GlobalSection(ProjectConfigurationPlatforms) = postSolution
		{644E5F72-4C08-44BD-AF2E-6BD8020F9403}.Debug|Any CPU.ActiveCfg = Debug|x86
		{644E5F72-4C08-44BD-AF2E-6BD8020F9403}.Debug|Any CPU.Build.0 = Debug|x86
		{644E5F72-4C08-44BD-AF2E-6BD8020F9403}.Debug|Any CPU.Deploy.0 = Debug|x86
		{644E5F72-4C08-44BD-AF2E-6BD8020F9403}.Debug|ARM.ActiveCfg = Debug|ARM
		{644E5F72-4C08-44BD-AF2E-6BD8020F9403}.Debug|ARM.Build.0 = Debug|ARM
		{644E5F72-4C08-44BD-AF2E-6BD8020F9403}.Debug|ARM.Deploy.0 = Debug|ARM
		{644E5F72-4C08-44BD-AF2E-6BD8020F9403}.Debug|iPhone.ActiveCfg = Debug|x86
		{644E5F72-4C08-44BD-AF2E-6BD8020F9403}.Debug|iPhone.Build.0 = Debug|x86
		{644E5F72-4C08-44BD-AF2E-6BD8020F9403}.Debug|iPhone.Deploy.0 = Debug|x86
		{644E5F72-4C08-44BD-AF2E-6BD8020F9403}.Debug|iPhoneSimulator.ActiveCfg = Debug|x86
		{644E5F72-4C08-44BD-AF2E-6BD8020F9403}.Debug|iPhoneSimulator.Build.0 = Debug|x86
		{644E5F72-4C08-44BD-AF2E-6BD8020F9403}.Debug|iPhoneSimulator.Deploy.0 = Debug|x86
		{644E5F72-4C08-44BD-AF2E-6BD8020F9403}.Debug|x64.ActiveCfg = Debug|x64
		{644E5F72-4C08-44BD-AF2E-6BD8020F9403}.Debug|x64.Build.0 = Debug|x64
		{644E5F72-4C08-44BD-AF2E-6BD8020F9403}.Debug|x64.Deploy.0 = Debug|x64
		{644E5F72-4C08-44BD-AF2E-6BD8020F9403}.Debug|x86.ActiveCfg = Debug|x86
		{644E5F72-4C08-44BD-AF2E-6BD8020F9403}.Debug|x86.Build.0 = Debug|x86
		{644E5F72-4C08-44BD-AF2E-6BD8020F9403}.Debug|x86.Deploy.0 = Debug|x86
		{644E5F72-4C08-44BD-AF2E-6BD8020F9403}.Release|Any CPU.ActiveCfg = Release|x86
		{644E5F72-4C08-44BD-AF2E-6BD8020F9403}.Release|Any CPU.Build.0 = Release|x86
		{644E5F72-4C08-44BD-AF2E-6BD8020F9403}.Release|Any CPU.Deploy.0 = Release|x86
		{644E5F72-4C08-44BD-AF2E-6BD8020F9403}.Release|ARM.ActiveCfg = Release|ARM
		{644E5F72-4C08-44BD-AF2E-6BD8020F9403}.Release|ARM.Build.0 = Release|ARM
		{644E5F72-4C08-44BD-AF2E-6BD8020F9403}.Release|ARM.Deploy.0 = Release|ARM
		{644E5F72-4C08-44BD-AF2E-6BD8020F9403}.Release|iPhone.ActiveCfg = Release|x86
		{644E5F72-4C08-44BD-AF2E-6BD8020F9403}.Release|iPhone.Build.0 = Release|x86
		{644E5F72-4C08-44BD-AF2E-6BD8020F9403}.Release|iPhone.Deploy.0 = Release|x86
		{644E5F72-4C08-44BD-AF2E-6BD8020F9403}.Release|iPhoneSimulator.ActiveCfg = Release|x86
		{644E5F72-4C08-44BD-AF2E-6BD8020F9403}.Release|iPhoneSimulator.Build.0 = Release|x86
		{644E5F72-4C08-44BD-AF2E-6BD8020F9403}.Release|iPhoneSimulator.Deploy.0 = Release|x86
		{644E5F72-4C08-44BD-AF2E-6BD8020F9403}.Release|x64.ActiveCfg = Release|x64
		{644E5F72-4C08-44BD-AF2E-6BD8020F9403}.Release|x64.Build.0 = Release|x64
		{644E5F72-4C08-44BD-AF2E-6BD8020F9403}.Release|x64.Deploy.0 = Release|x64
		{644E5F72-4C08-44BD-AF2E-6BD8020F9403}.Release|x86.ActiveCfg = Release|x86
		{644E5F72-4C08-44BD-AF2E-6BD8020F9403}.Release|x86.Build.0 = Release|x86
		{644E5F72-4C08-44BD-AF2E-6BD8020F9403}.Release|x86.Deploy.0 = Release|x86
		{59ED5041-9DCE-4D4D-8240-AB14C10127F6}.Debug|Any CPU.ActiveCfg = Debug|Any CPU
		{59ED5041-9DCE-4D4D-8240-AB14C10127F6}.Debug|Any CPU.Build.0 = Debug|Any CPU
		{59ED5041-9DCE-4D4D-8240-AB14C10127F6}.Debug|Any CPU.Deploy.0 = Debug|Any CPU
		{59ED5041-9DCE-4D4D-8240-AB14C10127F6}.Debug|ARM.ActiveCfg = Debug|Any CPU
		{59ED5041-9DCE-4D4D-8240-AB14C10127F6}.Debug|ARM.Build.0 = Debug|Any CPU
		{59ED5041-9DCE-4D4D-8240-AB14C10127F6}.Debug|ARM.Deploy.0 = Debug|Any CPU
		{59ED5041-9DCE-4D4D-8240-AB14C10127F6}.Debug|iPhone.ActiveCfg = Debug|Any CPU
		{59ED5041-9DCE-4D4D-8240-AB14C10127F6}.Debug|iPhone.Build.0 = Debug|Any CPU
		{59ED5041-9DCE-4D4D-8240-AB14C10127F6}.Debug|iPhone.Deploy.0 = Debug|Any CPU
		{59ED5041-9DCE-4D4D-8240-AB14C10127F6}.Debug|iPhoneSimulator.ActiveCfg = Debug|Any CPU
		{59ED5041-9DCE-4D4D-8240-AB14C10127F6}.Debug|iPhoneSimulator.Build.0 = Debug|Any CPU
		{59ED5041-9DCE-4D4D-8240-AB14C10127F6}.Debug|iPhoneSimulator.Deploy.0 = Debug|Any CPU
		{59ED5041-9DCE-4D4D-8240-AB14C10127F6}.Debug|x64.ActiveCfg = Debug|Any CPU
		{59ED5041-9DCE-4D4D-8240-AB14C10127F6}.Debug|x64.Build.0 = Debug|Any CPU
		{59ED5041-9DCE-4D4D-8240-AB14C10127F6}.Debug|x64.Deploy.0 = Debug|Any CPU
		{59ED5041-9DCE-4D4D-8240-AB14C10127F6}.Debug|x86.ActiveCfg = Debug|Any CPU
		{59ED5041-9DCE-4D4D-8240-AB14C10127F6}.Debug|x86.Build.0 = Debug|Any CPU
		{59ED5041-9DCE-4D4D-8240-AB14C10127F6}.Debug|x86.Deploy.0 = Debug|Any CPU
		{59ED5041-9DCE-4D4D-8240-AB14C10127F6}.Release|Any CPU.ActiveCfg = Release|Any CPU
		{59ED5041-9DCE-4D4D-8240-AB14C10127F6}.Release|Any CPU.Build.0 = Release|Any CPU
		{59ED5041-9DCE-4D4D-8240-AB14C10127F6}.Release|Any CPU.Deploy.0 = Release|Any CPU
		{59ED5041-9DCE-4D4D-8240-AB14C10127F6}.Release|ARM.ActiveCfg = Release|Any CPU
		{59ED5041-9DCE-4D4D-8240-AB14C10127F6}.Release|ARM.Build.0 = Release|Any CPU
		{59ED5041-9DCE-4D4D-8240-AB14C10127F6}.Release|ARM.Deploy.0 = Release|Any CPU
		{59ED5041-9DCE-4D4D-8240-AB14C10127F6}.Release|iPhone.ActiveCfg = Release|Any CPU
		{59ED5041-9DCE-4D4D-8240-AB14C10127F6}.Release|iPhone.Build.0 = Release|Any CPU
		{59ED5041-9DCE-4D4D-8240-AB14C10127F6}.Release|iPhone.Deploy.0 = Release|Any CPU
		{59ED5041-9DCE-4D4D-8240-AB14C10127F6}.Release|iPhoneSimulator.ActiveCfg = Release|Any CPU
		{59ED5041-9DCE-4D4D-8240-AB14C10127F6}.Release|iPhoneSimulator.Build.0 = Release|Any CPU
		{59ED5041-9DCE-4D4D-8240-AB14C10127F6}.Release|iPhoneSimulator.Deploy.0 = Release|Any CPU
		{59ED5041-9DCE-4D4D-8240-AB14C10127F6}.Release|x64.ActiveCfg = Release|Any CPU
		{59ED5041-9DCE-4D4D-8240-AB14C10127F6}.Release|x64.Build.0 = Release|Any CPU
		{59ED5041-9DCE-4D4D-8240-AB14C10127F6}.Release|x64.Deploy.0 = Release|Any CPU
		{59ED5041-9DCE-4D4D-8240-AB14C10127F6}.Release|x86.ActiveCfg = Release|Any CPU
		{59ED5041-9DCE-4D4D-8240-AB14C10127F6}.Release|x86.Build.0 = Release|Any CPU
		{59ED5041-9DCE-4D4D-8240-AB14C10127F6}.Release|x86.Deploy.0 = Release|Any CPU
		{93DDE1B1-9AA3-4208-9186-616BC9FFEDDC}.Debug|Any CPU.ActiveCfg = Debug|iPhoneSimulator
		{93DDE1B1-9AA3-4208-9186-616BC9FFEDDC}.Debug|Any CPU.Build.0 = Debug|iPhoneSimulator
		{93DDE1B1-9AA3-4208-9186-616BC9FFEDDC}.Debug|Any CPU.Deploy.0 = Debug|iPhoneSimulator
		{93DDE1B1-9AA3-4208-9186-616BC9FFEDDC}.Debug|ARM.ActiveCfg = Debug|iPhone
		{93DDE1B1-9AA3-4208-9186-616BC9FFEDDC}.Debug|ARM.Build.0 = Debug|iPhone
		{93DDE1B1-9AA3-4208-9186-616BC9FFEDDC}.Debug|ARM.Deploy.0 = Debug|iPhone
		{93DDE1B1-9AA3-4208-9186-616BC9FFEDDC}.Debug|iPhone.ActiveCfg = Debug|iPhone
		{93DDE1B1-9AA3-4208-9186-616BC9FFEDDC}.Debug|iPhone.Build.0 = Debug|iPhone
		{93DDE1B1-9AA3-4208-9186-616BC9FFEDDC}.Debug|iPhone.Deploy.0 = Debug|iPhone
		{93DDE1B1-9AA3-4208-9186-616BC9FFEDDC}.Debug|iPhoneSimulator.ActiveCfg = Debug|iPhoneSimulator
		{93DDE1B1-9AA3-4208-9186-616BC9FFEDDC}.Debug|iPhoneSimulator.Build.0 = Debug|iPhoneSimulator
		{93DDE1B1-9AA3-4208-9186-616BC9FFEDDC}.Debug|iPhoneSimulator.Deploy.0 = Debug|iPhoneSimulator
		{93DDE1B1-9AA3-4208-9186-616BC9FFEDDC}.Debug|x64.ActiveCfg = Debug|iPhoneSimulator
		{93DDE1B1-9AA3-4208-9186-616BC9FFEDDC}.Debug|x64.Build.0 = Debug|iPhoneSimulator
		{93DDE1B1-9AA3-4208-9186-616BC9FFEDDC}.Debug|x64.Deploy.0 = Debug|iPhoneSimulator
		{93DDE1B1-9AA3-4208-9186-616BC9FFEDDC}.Debug|x86.ActiveCfg = Debug|iPhoneSimulator
		{93DDE1B1-9AA3-4208-9186-616BC9FFEDDC}.Debug|x86.Build.0 = Debug|iPhoneSimulator
		{93DDE1B1-9AA3-4208-9186-616BC9FFEDDC}.Debug|x86.Deploy.0 = Debug|iPhoneSimulator
		{93DDE1B1-9AA3-4208-9186-616BC9FFEDDC}.Release|Any CPU.ActiveCfg = Release|iPhoneSimulator
		{93DDE1B1-9AA3-4208-9186-616BC9FFEDDC}.Release|Any CPU.Build.0 = Release|iPhoneSimulator
		{93DDE1B1-9AA3-4208-9186-616BC9FFEDDC}.Release|Any CPU.Deploy.0 = Release|iPhoneSimulator
		{93DDE1B1-9AA3-4208-9186-616BC9FFEDDC}.Release|ARM.ActiveCfg = Release|iPhoneSimulator
		{93DDE1B1-9AA3-4208-9186-616BC9FFEDDC}.Release|ARM.Build.0 = Release|iPhoneSimulator
		{93DDE1B1-9AA3-4208-9186-616BC9FFEDDC}.Release|ARM.Deploy.0 = Release|iPhoneSimulator
		{93DDE1B1-9AA3-4208-9186-616BC9FFEDDC}.Release|iPhone.ActiveCfg = Release|iPhone
		{93DDE1B1-9AA3-4208-9186-616BC9FFEDDC}.Release|iPhone.Build.0 = Release|iPhone
		{93DDE1B1-9AA3-4208-9186-616BC9FFEDDC}.Release|iPhone.Deploy.0 = Release|iPhone
		{93DDE1B1-9AA3-4208-9186-616BC9FFEDDC}.Release|iPhoneSimulator.ActiveCfg = Release|iPhoneSimulator
		{93DDE1B1-9AA3-4208-9186-616BC9FFEDDC}.Release|iPhoneSimulator.Build.0 = Release|iPhoneSimulator
		{93DDE1B1-9AA3-4208-9186-616BC9FFEDDC}.Release|iPhoneSimulator.Deploy.0 = Release|iPhoneSimulator
		{93DDE1B1-9AA3-4208-9186-616BC9FFEDDC}.Release|x64.ActiveCfg = Release|iPhoneSimulator
		{93DDE1B1-9AA3-4208-9186-616BC9FFEDDC}.Release|x64.Build.0 = Release|iPhoneSimulator
		{93DDE1B1-9AA3-4208-9186-616BC9FFEDDC}.Release|x64.Deploy.0 = Release|iPhoneSimulator
		{93DDE1B1-9AA3-4208-9186-616BC9FFEDDC}.Release|x86.ActiveCfg = Release|iPhoneSimulator
		{93DDE1B1-9AA3-4208-9186-616BC9FFEDDC}.Release|x86.Build.0 = Release|iPhoneSimulator
		{93DDE1B1-9AA3-4208-9186-616BC9FFEDDC}.Release|x86.Deploy.0 = Release|iPhoneSimulator
		{BA342B4E-666F-41B5-B035-CB06ED995075}.Debug|Any CPU.ActiveCfg = Debug|Any CPU
		{BA342B4E-666F-41B5-B035-CB06ED995075}.Debug|Any CPU.Build.0 = Debug|Any CPU
		{BA342B4E-666F-41B5-B035-CB06ED995075}.Debug|Any CPU.Deploy.0 = Debug|Any CPU
		{BA342B4E-666F-41B5-B035-CB06ED995075}.Debug|ARM.ActiveCfg = Debug|Any CPU
		{BA342B4E-666F-41B5-B035-CB06ED995075}.Debug|ARM.Build.0 = Debug|Any CPU
		{BA342B4E-666F-41B5-B035-CB06ED995075}.Debug|ARM.Deploy.0 = Debug|Any CPU
		{BA342B4E-666F-41B5-B035-CB06ED995075}.Debug|iPhone.ActiveCfg = Debug|Any CPU
		{BA342B4E-666F-41B5-B035-CB06ED995075}.Debug|iPhone.Build.0 = Debug|Any CPU
		{BA342B4E-666F-41B5-B035-CB06ED995075}.Debug|iPhone.Deploy.0 = Debug|Any CPU
		{BA342B4E-666F-41B5-B035-CB06ED995075}.Debug|iPhoneSimulator.ActiveCfg = Debug|Any CPU
		{BA342B4E-666F-41B5-B035-CB06ED995075}.Debug|iPhoneSimulator.Build.0 = Debug|Any CPU
		{BA342B4E-666F-41B5-B035-CB06ED995075}.Debug|iPhoneSimulator.Deploy.0 = Debug|Any CPU
		{BA342B4E-666F-41B5-B035-CB06ED995075}.Debug|x64.ActiveCfg = Debug|Any CPU
		{BA342B4E-666F-41B5-B035-CB06ED995075}.Debug|x64.Build.0 = Debug|Any CPU
		{BA342B4E-666F-41B5-B035-CB06ED995075}.Debug|x64.Deploy.0 = Debug|Any CPU
		{BA342B4E-666F-41B5-B035-CB06ED995075}.Debug|x86.ActiveCfg = Debug|Any CPU
		{BA342B4E-666F-41B5-B035-CB06ED995075}.Debug|x86.Build.0 = Debug|Any CPU
		{BA342B4E-666F-41B5-B035-CB06ED995075}.Debug|x86.Deploy.0 = Debug|Any CPU
		{BA342B4E-666F-41B5-B035-CB06ED995075}.Release|Any CPU.ActiveCfg = Release|Any CPU
		{BA342B4E-666F-41B5-B035-CB06ED995075}.Release|Any CPU.Build.0 = Release|Any CPU
		{BA342B4E-666F-41B5-B035-CB06ED995075}.Release|Any CPU.Deploy.0 = Release|Any CPU
		{BA342B4E-666F-41B5-B035-CB06ED995075}.Release|ARM.ActiveCfg = Release|Any CPU
		{BA342B4E-666F-41B5-B035-CB06ED995075}.Release|ARM.Build.0 = Release|Any CPU
		{BA342B4E-666F-41B5-B035-CB06ED995075}.Release|ARM.Deploy.0 = Release|Any CPU
		{BA342B4E-666F-41B5-B035-CB06ED995075}.Release|iPhone.ActiveCfg = Release|Any CPU
		{BA342B4E-666F-41B5-B035-CB06ED995075}.Release|iPhone.Build.0 = Release|Any CPU
		{BA342B4E-666F-41B5-B035-CB06ED995075}.Release|iPhone.Deploy.0 = Release|Any CPU
		{BA342B4E-666F-41B5-B035-CB06ED995075}.Release|iPhoneSimulator.ActiveCfg = Release|Any CPU
		{BA342B4E-666F-41B5-B035-CB06ED995075}.Release|iPhoneSimulator.Build.0 = Release|Any CPU
		{BA342B4E-666F-41B5-B035-CB06ED995075}.Release|iPhoneSimulator.Deploy.0 = Release|Any CPU
		{BA342B4E-666F-41B5-B035-CB06ED995075}.Release|x64.ActiveCfg = Release|Any CPU
		{BA342B4E-666F-41B5-B035-CB06ED995075}.Release|x64.Build.0 = Release|Any CPU
		{BA342B4E-666F-41B5-B035-CB06ED995075}.Release|x64.Deploy.0 = Release|Any CPU
		{BA342B4E-666F-41B5-B035-CB06ED995075}.Release|x86.ActiveCfg = Release|Any CPU
		{BA342B4E-666F-41B5-B035-CB06ED995075}.Release|x86.Build.0 = Release|Any CPU
		{BA342B4E-666F-41B5-B035-CB06ED995075}.Release|x86.Deploy.0 = Release|Any CPU
	EndGlobalSection
	GlobalSection(SolutionProperties) = preSolution
		HideSolutionNode = FALSE
	EndGlobalSection
	GlobalSection(ExtensibilityGlobals) = postSolution
		SolutionGuid = {DE43EB9C-29B4-4516-8607-54059993BB4B}
	EndGlobalSection
EndGlobal
